PODS:
  - BigInt (3.0.1):
    - SipHash (~> 1.2)
  - SipHash (1.2.1)
  - SwiftLint (0.25.1)
  - TrezorCrypto (0.0.5)

DEPENDENCIES:
  - BigInt (~> 3.0)
  - SwiftLint
  - TrezorCrypto

SPEC REPOS:
  https://github.com/cocoapods/specs.git:
    - BigInt
    - SipHash
    - SwiftLint
    - TrezorCrypto

SPEC CHECKSUMS:
  BigInt: 8e8a52161c745cd3ab78e3dc346a9fbee51e6cf6
  SipHash: b26918dbe6925368d4322374371437c62c9038e2
  SwiftLint: ce933681be10c3266e82576dad676fa815a602e9
  TrezorCrypto: ecef681446bf02af6248d3b5e394026d7e766e56

PODFILE CHECKSUM: c5e9f3432d28b664289266b1c7f9a2b4f730c889

COCOAPODS: 1.5.3
